
Microsoft Visual Studio Solution File, Format Version 12.00
# Visual Studio Version 16
VisualStudioVersion = 16.0.30413.136
MinimumVisualStudioVersion = 10.0.40219.1
Project("{9A19103F-16F7-4668-BE54-9A1E7A4F7556}") = "BaseAlgorithm", "BaseAlgorithm\BaseAlgorithm.csproj", "{070F47F7-421D-49A5-BD0A-01C220F2DD6C}"
EndProject
Project("{FAE04EC0-301F-11D3-BF4B-00C04F79EFBC}") = "SortAlgorithm", "SortAlgorithm\SortAlgorithm.csproj", "{D8FF4B65-FAB5-40A6-B04C-FDEEC47B1C58}"
EndProject
Global
	GlobalSection(SolutionConfigurationPlatforms) = preSolution
		Debug|Any CPU = Debug|Any CPU
		Release|Any CPU = Release|Any CPU
	EndGlobalSection
	GlobalSection(ProjectConfigurationPlatforms) = postSolution
		{070F47F7-421D-49A5-BD0A-01C220F2DD6C}.Debug|Any CPU.ActiveCfg = Debug|Any CPU
		{070F47F7-421D-49A5-BD0A-01C220F2DD6C}.Debug|Any CPU.Build.0 = Debug|Any CPU
		{070F47F7-421D-49A5-BD0A-01C220F2DD6C}.Release|Any CPU.ActiveCfg = Release|Any CPU
		{070F47F7-421D-49A5-BD0A-01C220F2DD6C}.Release|Any CPU.Build.0 = Release|Any CPU
		{D8FF4B65-FAB5-40A6-B04C-FDEEC47B1C58}.Debug|Any CPU.ActiveCfg = Debug|Any CPU
		{D8FF4B65-FAB5-40A6-B04C-FDEEC47B1C58}.Debug|Any CPU.Build.0 = Debug|Any CPU
		{D8FF4B65-FAB5-40A6-B04C-FDEEC47B1C58}.Release|Any CPU.ActiveCfg = Release|Any CPU
		{D8FF4B65-FAB5-40A6-B04C-FDEEC47B1C58}.Release|Any CPU.Build.0 = Release|Any CPU
	EndGlobalSection
	GlobalSection(SolutionProperties) = preSolution
		HideSolutionNode = FALSE
	EndGlobalSection
	GlobalSection(ExtensibilityGlobals) = postSolution
		SolutionGuid = {C2CDD39B-15E5-4043-B011-FDE80CCA4CAE}
	EndGlobalSection
EndGlobal
